PODS:
  - Alamofire (4.4.0)
  - Kanna (2.1.1)
  - KCFloatingActionButton (2.2.0)
  - KeychainAccess (3.0.1)
  - PromiseKit (4.1.7):
    - PromiseKit/Foundation (= 4.1.7)
    - PromiseKit/QuartzCore (= 4.1.7)
    - PromiseKit/UIKit (= 4.1.7)
  - PromiseKit/CorePromise (4.1.7)
  - PromiseKit/Foundation (4.1.7):
    - PromiseKit/CorePromise
  - PromiseKit/QuartzCore (4.1.7):
    - PromiseKit/CorePromise
  - PromiseKit/UIKit (4.1.7):
    - PromiseKit/CorePromise
  - SwiftSpinner (1.1.0)

DEPENDENCIES:
  - Alamofire (~> 4.0)
  - Kanna (~> 2.0)
  - KCFloatingActionButton (~> 2.1)
  - KeychainAccess
  - PromiseKit (~> 4.0)
  - SwiftSpinner

SPEC CHECKSUMS:
  Alamofire: dc44b1600b800eb63da6a19039a0083d62a6a62d
  Kanna: 9b4b086c218703f2b94f5b21a466217dd2f9332e
  KCFloatingActionButton: 8c71fa25774e422c8d407f82b4b27809d0cd5233
  KeychainAccess: 017ea25e313a49eda10bb19b0bb0760fb1edfe1a
  PromiseKit: 779f2e41faf62d854e7593026ddbcb0bb5c5002d
  SwiftSpinner: c03815614599b91eea46594bd52ba742849d0414

PODFILE CHECKSUM: 27eb36f4e48007e15acf3c0ce04b4caf2a3a4466

COCOAPODS: 1.2.1.beta.1
