// !$*UTF8*$!
{
	archiveVersion = 1;
	classes = {
	};
	objectVersion = 46;
	objects = {

/* Begin PBXBuildFile section */
		4705B2581F5BAB4D004FAEAF /* Transaction.swift in Sources */ = {isa = PBXBuildFile; fileRef = 4705B2571F5BAB4D004FAEAF /* Transaction.swift */; };
		4705B2591F5BAB5D004FAEAF /* Transaction.swift in Sources */ = {isa = PBXBuildFile; fileRef = 4705B2571F5BAB4D004FAEAF /* Transaction.swift */; };
		4705B25A1F5BAB5E004FAEAF /* Transaction.swift in Sources */ = {isa = PBXBuildFile; fileRef = 4705B2571F5BAB4D004FAEAF /* Transaction.swift */; };
		4705B25B1F5BAB5F004FAEAF /* Transaction.swift in Sources */ = {isa = PBXBuildFile; fileRef = 4705B2571F5BAB4D004FAEAF /* Transaction.swift */; };
		470B05A01F51EF8000D48EF2 /* Balance.swift in Sources */ = {isa = PBXBuildFile; fileRef = 470B059E1F51EF8000D48EF2 /* Balance.swift */; };
		470B05A31F51EF9300D48EF2 /* Balance.swift in Sources */ = {isa = PBXBuildFile; fileRef = 470B059E1F51EF8000D48EF2 /* Balance.swift */; };
		47234DA41DE19ABF00C25C8F /* CustomAlert.swift in Sources */ = {isa = PBXBuildFile; fileRef = 47234DA31DE19ABF00C25C8F /* CustomAlert.swift */; };
		472F33121DE2BC6A001D4B4C /* CGRectEx.swift in Sources */ = {isa = PBXBuildFile; fileRef = 472F330E1DE2BC6A001D4B4C /* CGRectEx.swift */; };
		472F33131DE2BC6A001D4B4C /* FadeTransition.swift in Sources */ = {isa = PBXBuildFile; fileRef = 472F330F1DE2BC6A001D4B4C /* FadeTransition.swift */; };
		472F33141DE2BC6A001D4B4C /* SpinerLayer.swift in Sources */ = {isa = PBXBuildFile; fileRef = 472F33101DE2BC6A001D4B4C /* SpinerLayer.swift */; };
		472F33151DE2BC6A001D4B4C /* TransitionSubmitButton.swift in Sources */ = {isa = PBXBuildFile; fileRef = 472F33111DE2BC6A001D4B4C /* TransitionSubmitButton.swift */; };
		472F331A1DE3D5E5001D4B4C /* Extensions.swift in Sources */ = {isa = PBXBuildFile; fileRef = 472F33191DE3D5E5001D4B4C /* Extensions.swift */; };
		472F331D1DE3DBAB001D4B4C /* DINPro-Regular.ttf in Resources */ = {isa = PBXBuildFile; fileRef = 472F331C1DE3DBAB001D4B4C /* DINPro-Regular.ttf */; };
		4761DF0C1E47D9C8004755EB /* BDBKeychain.swift in Sources */ = {isa = PBXBuildFile; fileRef = 4761DF0B1E47D9C8004755EB /* BDBKeychain.swift */; };
		4761DF0D1E47D9C8004755EB /* BDBKeychain.swift in Sources */ = {isa = PBXBuildFile; fileRef = 4761DF0B1E47D9C8004755EB /* BDBKeychain.swift */; };
		4767B3BA1F5395BE006AD1BE /* Balance.swift in Sources */ = {isa = PBXBuildFile; fileRef = 4767B3B81F5395B7006AD1BE /* Balance.swift */; };
		4767B3BC1F539742006AD1BE /* BalanceList.swift in Sources */ = {isa = PBXBuildFile; fileRef = 4767B3BB1F539742006AD1BE /* BalanceList.swift */; };
		476E50F61E74FDD5005CD02C /* Interface.storyboard in Resources */ = {isa = PBXBuildFile; fileRef = 476E50F41E74FDD5005CD02C /* Interface.storyboard */; };
		476E50F81E74FDD5005CD02C /* Assets.xcassets in Resources */ = {isa = PBXBuildFile; fileRef = 476E50F71E74FDD5005CD02C /* Assets.xcassets */; };
		476E50FF1E74FDD5005CD02C /* Bulldog Bucks - Watch Extension.appex in Embed App Extensions */ = {isa = PBXBuildFile; fileRef = 476E50FE1E74FDD5005CD02C /* Bulldog Bucks - Watch Extension.appex */; settings = {ATTRIBUTES = (RemoveHeadersOnCopy, ); }; };
		476E51041E74FDD5005CD02C /* InterfaceController.swift in Sources */ = {isa = PBXBuildFile; fileRef = 476E51031E74FDD5005CD02C /* InterfaceController.swift */; };
		476E51061E74FDD5005CD02C /* ExtensionDelegate.swift in Sources */ = {isa = PBXBuildFile; fileRef = 476E51051E74FDD5005CD02C /* ExtensionDelegate.swift */; };
		476E51081E74FDD5005CD02C /* ComplicationController.swift in Sources */ = {isa = PBXBuildFile; fileRef = 476E51071E74FDD5005CD02C /* ComplicationController.swift */; };
		476E510A1E74FDD5005CD02C /* Assets.xcassets in Resources */ = {isa = PBXBuildFile; fileRef = 476E51091E74FDD5005CD02C /* Assets.xcassets */; };
		476E510E1E74FDD5005CD02C /* Bulldog Bucks - Watch.app in Embed Watch Content */ = {isa = PBXBuildFile; fileRef = 476E50F21E74FDD5005CD02C /* Bulldog Bucks - Watch.app */; };
		476E51191E750A63005CD02C /* BDBKeychain.swift in Sources */ = {isa = PBXBuildFile; fileRef = 4761DF0B1E47D9C8004755EB /* BDBKeychain.swift */; };
		476E511B1E751B01005CD02C /* ZagwebAPI.swift in Sources */ = {isa = PBXBuildFile; fileRef = 4765FC1B1DDFC6FA00BB2EBB /* ZagwebAPI.swift */; };
		477383E71E737062002053F0 /* DINPro-Regular.ttf in Resources */ = {isa = PBXBuildFile; fileRef = 472F331C1DE3DBAB001D4B4C /* DINPro-Regular.ttf */; };
		477BE1681DE618B300F39E46 /* NetworkReachability.swift in Sources */ = {isa = PBXBuildFile; fileRef = 477BE1671DE618B300F39E46 /* NetworkReachability.swift */; };
		477BE1691DE618B300F39E46 /* NetworkReachability.swift in Sources */ = {isa = PBXBuildFile; fileRef = 477BE1671DE618B300F39E46 /* NetworkReachability.swift */; };
		4784980E1DA0721700E8ADFA /* Lato-Semibold.ttf in Resources */ = {isa = PBXBuildFile; fileRef = 478497FA1DA0721700E8ADFA /* Lato-Semibold.ttf */; };
		4784980F1DA0721700E8ADFA /* Lato-SemiboldItalic.ttf in Resources */ = {isa = PBXBuildFile; fileRef = 478497FB1DA0721700E8ADFA /* Lato-SemiboldItalic.ttf */; };
		478D1A0A1DFF6BF000B25164 /* WebViewController.swift in Sources */ = {isa = PBXBuildFile; fileRef = 478D1A091DFF6BF000B25164 /* WebViewController.swift */; };
		479447CD1D99F2C1007847BE /* AppDelegate.swift in Sources */ = {isa = PBXBuildFile; fileRef = 479447CC1D99F2C1007847BE /* AppDelegate.swift */; };
		479447CF1D99F2C1007847BE /* LoginViewController.swift in Sources */ = {isa = PBXBuildFile; fileRef = 479447CE1D99F2C1007847BE /* LoginViewController.swift */; };
		479447D21D99F2C1007847BE /* Main.storyboard in Resources */ = {isa = PBXBuildFile; fileRef = 479447D01D99F2C1007847BE /* Main.storyboard */; };
		479447D41D99F2C1007847BE /* Assets.xcassets in Resources */ = {isa = PBXBuildFile; fileRef = 479447D31D99F2C1007847BE /* Assets.xcassets */; };
		479447D71D99F2C1007847BE /* LaunchScreen.storyboard in Resources */ = {isa = PBXBuildFile; fileRef = 479447D51D99F2C1007847BE /* LaunchScreen.storyboard */; };
		479448011D9A4409007847BE /* NotificationCenter.framework in Frameworks */ = {isa = PBXBuildFile; fileRef = 479448001D9A4409007847BE /* NotificationCenter.framework */; };
		479448041D9A4409007847BE /* TodayViewController.swift in Sources */ = {isa = PBXBuildFile; fileRef = 479448031D9A4409007847BE /* TodayViewController.swift */; };
		479448071D9A4409007847BE /* MainInterface.storyboard in Resources */ = {isa = PBXBuildFile; fileRef = 479448051D9A4409007847BE /* MainInterface.storyboard */; };
		4794480B1D9A4409007847BE /* Bulldog Bucks - Widget.appex in Embed App Extensions */ = {isa = PBXBuildFile; fileRef = 479447FE1D9A4409007847BE /* Bulldog Bucks - Widget.appex */; settings = {ATTRIBUTES = (RemoveHeadersOnCopy, ); }; };
		4797116C1E75CC940060DC97 /* Extensions.swift in Sources */ = {isa = PBXBuildFile; fileRef = 472F33191DE3D5E5001D4B4C /* Extensions.swift */; };
		47BC3AB71DA09D29001C3FD2 /* ViewController.swift in Sources */ = {isa = PBXBuildFile; fileRef = 47BC3AB61DA09D29001C3FD2 /* ViewController.swift */; };
		47BF33091F5CF52C005D162E /* TransactionViewController.swift in Sources */ = {isa = PBXBuildFile; fileRef = 47BF33081F5CF52C005D162E /* TransactionViewController.swift */; };
		47BF330C1F5DC6E7005D162E /* TransactionTableViewCell.swift in Sources */ = {isa = PBXBuildFile; fileRef = 47BF330B1F5DC6E7005D162E /* TransactionTableViewCell.swift */; };
		47BF330E1F5DDC0D005D162E /* DetailCollectionViewCell.swift in Sources */ = {isa = PBXBuildFile; fileRef = 47BF330D1F5DDC0D005D162E /* DetailCollectionViewCell.swift */; };
		47D10B401DE11B4B0041064C /* ZagwebAPI.swift in Sources */ = {isa = PBXBuildFile; fileRef = 4765FC1B1DDFC6FA00BB2EBB /* ZagwebAPI.swift */; };
		47D47F321DDFCCCC0094D448 /* ZagwebAPI.swift in Sources */ = {isa = PBXBuildFile; fileRef = 4765FC1B1DDFC6FA00BB2EBB /* ZagwebAPI.swift */; };
		47DAF0771DE5166E00499185 /* Extensions.swift in Sources */ = {isa = PBXBuildFile; fileRef = 472F33191DE3D5E5001D4B4C /* Extensions.swift */; };
		47ED9C791F5A178000AE4426 /* Bulldog_BucksMainAppTests.swift in Sources */ = {isa = PBXBuildFile; fileRef = 47ED9C781F5A178000AE4426 /* Bulldog_BucksMainAppTests.swift */; };
		4FD985B394922C1542A06D4F /* Pods_Bulldog_Bucks.framework in Frameworks */ = {isa = PBXBuildFile; fileRef = AE52BB75C2A9FF77FDC30725 /* Pods_Bulldog_Bucks.framework */; };
		5532250FD1D30AA48FCF139D /* Pods_Bulldog_Bucks___Watch.framework in Frameworks */ = {isa = PBXBuildFile; fileRef = 108DE8F867AE914B810CC086 /* Pods_Bulldog_Bucks___Watch.framework */; };
		9B7CC4758AE70CF6FE70542A /* Pods_Bulldog_Bucks___Widget.framework in Frameworks */ = {isa = PBXBuildFile; fileRef = 74AD922576AEF5251449E394 /* Pods_Bulldog_Bucks___Widget.framework */; };
		DD0D01CF468979350E524430 /* Pods_Bulldog_Bucks___Watch_Extension.framework in Frameworks */ = {isa = PBXBuildFile; fileRef = C634AFDE877D7BD6C0F1D2B7 /* Pods_Bulldog_Bucks___Watch_Extension.framework */; };
/* End PBXBuildFile section */

/* Begin PBXContainerItemProxy section */
		476E51001E74FDD5005CD02C /* PBXContainerItemProxy */ = {
			isa = PBXContainerItemProxy;
			containerPortal = 479447C11D99F2C1007847BE /* Project object */;
			proxyType = 1;
			remoteGlobalIDString = 476E50FD1E74FDD5005CD02C;
			remoteInfo = "Bulldog Buck Balance Extension";
		};
		476E510C1E74FDD5005CD02C /* PBXContainerItemProxy */ = {
			isa = PBXContainerItemProxy;
			containerPortal = 479447C11D99F2C1007847BE /* Project object */;
			proxyType = 1;
			remoteGlobalIDString = 476E50F11E74FDD5005CD02C;
			remoteInfo = "Bulldog Buck Balance";
		};
		479448091D9A4409007847BE /* PBXContainerItemProxy */ = {
			isa = PBXContainerItemProxy;
			containerPortal = 479447C11D99F2C1007847BE /* Project object */;
			proxyType = 1;
			remoteGlobalIDString = 479447FD1D9A4409007847BE;
			remoteInfo = "Bulldog Bucks Widget";
		};
		47ED9C7B1F5A178000AE4426 /* PBXContainerItemProxy */ = {
			isa = PBXContainerItemProxy;
			containerPortal = 479447C11D99F2C1007847BE /* Project object */;
			proxyType = 1;
			remoteGlobalIDString = 479447C81D99F2C1007847BE;
			remoteInfo = "Bulldog Bucks";
		};
/* End PBXContainerItemProxy section */

/* Begin PBXCopyFilesBuildPhase section */
		47234DF81DE212D200C25C8F /* Embed Watch Content */ = {
			isa = PBXCopyFilesBuildPhase;
			buildActionMask = 2147483647;
			dstPath = "$(CONTENTS_FOLDER_PATH)/Watch";
			dstSubfolderSpec = 16;
			files = (
				476E510E1E74FDD5005CD02C /* Bulldog Bucks - Watch.app in Embed Watch Content */,
			);
			name = "Embed Watch Content";
			runOnlyForDeploymentPostprocessing = 0;
		};
		476E51141E74FDD5005CD02C /* Embed App Extensions */ = {
			isa = PBXCopyFilesBuildPhase;
			buildActionMask = 2147483647;
			dstPath = "";
			dstSubfolderSpec = 13;
			files = (
				476E50FF1E74FDD5005CD02C /* Bulldog Bucks - Watch Extension.appex in Embed App Extensions */,
			);
			name = "Embed App Extensions";
			runOnlyForDeploymentPostprocessing = 0;
		};
		4794480F1D9A4409007847BE /* Embed App Extensions */ = {
			isa = PBXCopyFilesBuildPhase;
			buildActionMask = 2147483647;
			dstPath = "";
			dstSubfolderSpec = 13;
			files = (
				4794480B1D9A4409007847BE /* Bulldog Bucks - Widget.appex in Embed App Extensions */,
			);
			name = "Embed App Extensions";
			runOnlyForDeploymentPostprocessing = 0;
		};
/* End PBXCopyFilesBuildPhase section */

/* Begin PBXFileReference section */
		108DE8F867AE914B810CC086 /* Pods_Bulldog_Bucks___Watch.framework */ = {isa = PBXFileReference; explicitFileType = wrapper.framework; includeInIndex = 0; path = "Pods_Bulldog_Bucks___Watch.framework"; sourceTree = BUILT_PRODUCTS_DIR; };
		10A12FFA7C1A9C04F568E86E /* Pods-Bulldog Bucks - Widget.debug.xcconfig */ = {isa = PBXFileReference; includeInIndex = 1; lastKnownFileType = text.xcconfig; name = "Pods-Bulldog Bucks - Widget.debug.xcconfig"; path = "Pods/Target Support Files/Pods-Bulldog Bucks - Widget/Pods-Bulldog Bucks - Widget.debug.xcconfig"; sourceTree = "<group>"; };
		2D3B0904DC0D5337113456AE /* Pods-Bulldog Bucks - Widget.release.xcconfig */ = {isa = PBXFileReference; includeInIndex = 1; lastKnownFileType = text.xcconfig; name = "Pods-Bulldog Bucks - Widget.release.xcconfig"; path = "Pods/Target Support Files/Pods-Bulldog Bucks - Widget/Pods-Bulldog Bucks - Widget.release.xcconfig"; sourceTree = "<group>"; };
		419FB610336D91890E621897 /* Pods-Bulldog Bucks - Watch Extension.release.xcconfig */ = {isa = PBXFileReference; includeInIndex = 1; lastKnownFileType = text.xcconfig; name = "Pods-Bulldog Bucks - Watch Extension.release.xcconfig"; path = "Pods/Target Support Files/Pods-Bulldog Bucks - Watch Extension/Pods-Bulldog Bucks - Watch Extension.release.xcconfig"; sourceTree = "<group>"; };
		4705B2571F5BAB4D004FAEAF /* Transaction.swift */ = {isa = PBXFileReference; fileEncoding = 4; lastKnownFileType = sourcecode.swift; path = Transaction.swift; sourceTree = "<group>"; };
		470B059E1F51EF8000D48EF2 /* Balance.swift */ = {isa = PBXFileReference; fileEncoding = 4; lastKnownFileType = sourcecode.swift; path = Balance.swift; sourceTree = "<group>"; };
		47234DA31DE19ABF00C25C8F /* CustomAlert.swift */ = {isa = PBXFileReference; fileEncoding = 4; lastKnownFileType = sourcecode.swift; path = CustomAlert.swift; sourceTree = "<group>"; };
		472F330E1DE2BC6A001D4B4C /* CGRectEx.swift */ = {isa = PBXFileReference; fileEncoding = 4; lastKnownFileType = sourcecode.swift; path = CGRectEx.swift; sourceTree = "<group>"; };
		472F330F1DE2BC6A001D4B4C /* FadeTransition.swift */ = {isa = PBXFileReference; fileEncoding = 4; lastKnownFileType = sourcecode.swift; path = FadeTransition.swift; sourceTree = "<group>"; };
		472F33101DE2BC6A001D4B4C /* SpinerLayer.swift */ = {isa = PBXFileReference; fileEncoding = 4; lastKnownFileType = sourcecode.swift; path = SpinerLayer.swift; sourceTree = "<group>"; };
		472F33111DE2BC6A001D4B4C /* TransitionSubmitButton.swift */ = {isa = PBXFileReference; fileEncoding = 4; lastKnownFileType = sourcecode.swift; path = TransitionSubmitButton.swift; sourceTree = "<group>"; };
		472F33191DE3D5E5001D4B4C /* Extensions.swift */ = {isa = PBXFileReference; fileEncoding = 4; lastKnownFileType = sourcecode.swift; path = Extensions.swift; sourceTree = "<group>"; };
		472F331C1DE3DBAB001D4B4C /* DINPro-Regular.ttf */ = {isa = PBXFileReference; lastKnownFileType = file; path = "DINPro-Regular.ttf"; sourceTree = "<group>"; };
		4761DF0B1E47D9C8004755EB /* BDBKeychain.swift */ = {isa = PBXFileReference; fileEncoding = 4; lastKnownFileType = sourcecode.swift; path = BDBKeychain.swift; sourceTree = "<group>"; };
		4765FC1B1DDFC6FA00BB2EBB /* ZagwebAPI.swift */ = {isa = PBXFileReference; fileEncoding = 4; lastKnownFileType = sourcecode.swift; path = ZagwebAPI.swift; sourceTree = "<group>"; };
		4767B3B41F525AF3006AD1BE /* Bulldog Bucks - Watch.entitlements */ = {isa = PBXFileReference; lastKnownFileType = text.plist.entitlements; path = "Bulldog Bucks - Watch.entitlements"; sourceTree = "<group>"; };
		4767B3B81F5395B7006AD1BE /* Balance.swift */ = {isa = PBXFileReference; fileEncoding = 4; lastKnownFileType = sourcecode.swift; path = Balance.swift; sourceTree = "<group>"; };
		4767B3BB1F539742006AD1BE /* BalanceList.swift */ = {isa = PBXFileReference; fileEncoding = 4; lastKnownFileType = sourcecode.swift; path = BalanceList.swift; sourceTree = "<group>"; };
		476E50F21E74FDD5005CD02C /* Bulldog Bucks - Watch.app */ = {isa = PBXFileReference; explicitFileType = wrapper.application; includeInIndex = 0; path = "Bulldog Bucks - Watch.app"; sourceTree = BUILT_PRODUCTS_DIR; };
		476E50F51E74FDD5005CD02C /* Base */ = {isa = PBXFileReference; lastKnownFileType = file.storyboard; name = Base; path = Base.lproj/Interface.storyboard; sourceTree = "<group>"; };
		476E50F71E74FDD5005CD02C /* Assets.xcassets */ = {isa = PBXFileReference; lastKnownFileType = folder.assetcatalog; path = Assets.xcassets; sourceTree = "<group>"; };
		476E50F91E74FDD5005CD02C /* Info.plist */ = {isa = PBXFileReference; lastKnownFileType = text.plist.xml; path = Info.plist; sourceTree = "<group>"; };
		476E50FE1E74FDD5005CD02C /* Bulldog Bucks - Watch Extension.appex */ = {isa = PBXFileReference; explicitFileType = "wrapper.app-extension"; includeInIndex = 0; path = "Bulldog Bucks - Watch Extension.appex"; sourceTree = BUILT_PRODUCTS_DIR; };
		476E51031E74FDD5005CD02C /* InterfaceController.swift */ = {isa = PBXFileReference; lastKnownFileType = sourcecode.swift; path = InterfaceController.swift; sourceTree = "<group>"; };
		476E51051E74FDD5005CD02C /* ExtensionDelegate.swift */ = {isa = PBXFileReference; lastKnownFileType = sourcecode.swift; path = ExtensionDelegate.swift; sourceTree = "<group>"; };
		476E51071E74FDD5005CD02C /* ComplicationController.swift */ = {isa = PBXFileReference; lastKnownFileType = sourcecode.swift; path = ComplicationController.swift; sourceTree = "<group>"; };
		476E51091E74FDD5005CD02C /* Assets.xcassets */ = {isa = PBXFileReference; lastKnownFileType = folder.assetcatalog; path = Assets.xcassets; sourceTree = "<group>"; };
		476E510B1E74FDD5005CD02C /* Info.plist */ = {isa = PBXFileReference; lastKnownFileType = text.plist.xml; path = Info.plist; sourceTree = "<group>"; };
		477BE1671DE618B300F39E46 /* NetworkReachability.swift */ = {isa = PBXFileReference; fileEncoding = 4; lastKnownFileType = sourcecode.swift; path = NetworkReachability.swift; sourceTree = "<group>"; };
		478497FA1DA0721700E8ADFA /* Lato-Semibold.ttf */ = {isa = PBXFileReference; lastKnownFileType = file; path = "Lato-Semibold.ttf"; sourceTree = "<group>"; };
		478497FB1DA0721700E8ADFA /* Lato-SemiboldItalic.ttf */ = {isa = PBXFileReference; lastKnownFileType = file; path = "Lato-SemiboldItalic.ttf"; sourceTree = "<group>"; };
		478D1A091DFF6BF000B25164 /* WebViewController.swift */ = {isa = PBXFileReference; fileEncoding = 4; lastKnownFileType = sourcecode.swift; path = WebViewController.swift; sourceTree = "<group>"; };
		479447C91D99F2C1007847BE /* Bulldog Bucks.app */ = {isa = PBXFileReference; explicitFileType = wrapper.application; includeInIndex = 0; path = "Bulldog Bucks.app"; sourceTree = BUILT_PRODUCTS_DIR; };
		479447CC1D99F2C1007847BE /* AppDelegate.swift */ = {isa = PBXFileReference; lastKnownFileType = sourcecode.swift; path = AppDelegate.swift; sourceTree = "<group>"; };
		479447CE1D99F2C1007847BE /* LoginViewController.swift */ = {isa = PBXFileReference; lastKnownFileType = sourcecode.swift; path = LoginViewController.swift; sourceTree = "<group>"; };
		479447D11D99F2C1007847BE /* Base */ = {isa = PBXFileReference; lastKnownFileType = file.storyboard; name = Base; path = Base.lproj/Main.storyboard; sourceTree = "<group>"; };
		479447D31D99F2C1007847BE /* Assets.xcassets */ = {isa = PBXFileReference; lastKnownFileType = folder.assetcatalog; name = Assets.xcassets; path = Resources/Assets.xcassets; sourceTree = "<group>"; };
		479447D61D99F2C1007847BE /* Base */ = {isa = PBXFileReference; lastKnownFileType = file.storyboard; name = Base; path = Base.lproj/LaunchScreen.storyboard; sourceTree = "<group>"; };
		479447D81D99F2C1007847BE /* Info.plist */ = {isa = PBXFileReference; lastKnownFileType = text.plist.xml; path = Info.plist; sourceTree = "<group>"; };
		479447FE1D9A4409007847BE /* Bulldog Bucks - Widget.appex */ = {isa = PBXFileReference; explicitFileType = "wrapper.app-extension"; includeInIndex = 0; path = "Bulldog Bucks - Widget.appex"; sourceTree = BUILT_PRODUCTS_DIR; };
		479448001D9A4409007847BE /* NotificationCenter.framework */ = {isa = PBXFileReference; lastKnownFileType = wrapper.framework; name = NotificationCenter.framework; path = System/Library/Frameworks/NotificationCenter.framework; sourceTree = SDKROOT; };
		479448031D9A4409007847BE /* TodayViewController.swift */ = {isa = PBXFileReference; lastKnownFileType = sourcecode.swift; path = TodayViewController.swift; sourceTree = "<group>"; };
		479448061D9A4409007847BE /* Base */ = {isa = PBXFileReference; lastKnownFileType = file.storyboard; name = Base; path = Base.lproj/MainInterface.storyboard; sourceTree = "<group>"; };
		479448081D9A4409007847BE /* Info.plist */ = {isa = PBXFileReference; lastKnownFileType = text.plist.xml; path = Info.plist; sourceTree = "<group>"; };
		4794B0191DE5061C00F71077 /* Bulldog Bucks.entitlements */ = {isa = PBXFileReference; lastKnownFileType = text.plist.entitlements; path = "Bulldog Bucks.entitlements"; sourceTree = "<group>"; };
		479C4D0E1E76826F005DAC22 /* Bulldog Bucks - Watch Extension.entitlements */ = {isa = PBXFileReference; lastKnownFileType = text.plist.entitlements; path = "Bulldog Bucks - Watch Extension.entitlements"; sourceTree = "<group>"; };
		47BC3AB61DA09D29001C3FD2 /* ViewController.swift */ = {isa = PBXFileReference; fileEncoding = 4; lastKnownFileType = sourcecode.swift; path = ViewController.swift; sourceTree = "<group>"; };
		47BF33081F5CF52C005D162E /* TransactionViewController.swift */ = {isa = PBXFileReference; fileEncoding = 4; lastKnownFileType = sourcecode.swift; path = TransactionViewController.swift; sourceTree = "<group>"; };
		47BF330B1F5DC6E7005D162E /* TransactionTableViewCell.swift */ = {isa = PBXFileReference; fileEncoding = 4; lastKnownFileType = sourcecode.swift; path = TransactionTableViewCell.swift; sourceTree = "<group>"; };
		47BF330D1F5DDC0D005D162E /* DetailCollectionViewCell.swift */ = {isa = PBXFileReference; fileEncoding = 4; lastKnownFileType = sourcecode.swift; path = DetailCollectionViewCell.swift; sourceTree = "<group>"; };
		47D10B421DE1735D0041064C /* Bulldog Bucks Widget.entitlements */ = {isa = PBXFileReference; lastKnownFileType = text.plist.entitlements; path = "Bulldog Bucks Widget.entitlements"; sourceTree = "<group>"; };
		47ED9C761F5A178000AE4426 /* Bulldog BucksMainAppTests.xctest */ = {isa = PBXFileReference; explicitFileType = wrapper.cfbundle; includeInIndex = 0; path = "Bulldog BucksMainAppTests.xctest"; sourceTree = BUILT_PRODUCTS_DIR; };
		47ED9C781F5A178000AE4426 /* Bulldog_BucksMainAppTests.swift */ = {isa = PBXFileReference; lastKnownFileType = sourcecode.swift; path = Bulldog_BucksMainAppTests.swift; sourceTree = "<group>"; };
		47ED9C7A1F5A178000AE4426 /* Info.plist */ = {isa = PBXFileReference; lastKnownFileType = text.plist.xml; path = Info.plist; sourceTree = "<group>"; };
		6A76F6E1A19EC6FB55A647A0 /* Pods-Bulldog Bucks - Watch.release.xcconfig */ = {isa = PBXFileReference; includeInIndex = 1; lastKnownFileType = text.xcconfig; name = "Pods-Bulldog Bucks - Watch.release.xcconfig"; path = "Pods/Target Support Files/Pods-Bulldog Bucks - Watch/Pods-Bulldog Bucks - Watch.release.xcconfig"; sourceTree = "<group>"; };
		74AD922576AEF5251449E394 /* Pods_Bulldog_Bucks___Widget.framework */ = {isa = PBXFileReference; explicitFileType = wrapper.framework; includeInIndex = 0; path = "Pods_Bulldog_Bucks___Widget.framework"; sourceTree = BUILT_PRODUCTS_DIR; };
		75C5213BB2EB1798286D34B6 /* Pods-Bulldog Bucks - Watch.debug.xcconfig */ = {isa = PBXFileReference; includeInIndex = 1; lastKnownFileType = text.xcconfig; name = "Pods-Bulldog Bucks - Watch.debug.xcconfig"; path = "Pods/Target Support Files/Pods-Bulldog Bucks - Watch/Pods-Bulldog Bucks - Watch.debug.xcconfig"; sourceTree = "<group>"; };
		7FD039F73FFC974CA032E9B4 /* Pods-Bulldog Bucks.debug.xcconfig */ = {isa = PBXFileReference; includeInIndex = 1; lastKnownFileType = text.xcconfig; name = "Pods-Bulldog Bucks.debug.xcconfig"; path = "Pods/Target Support Files/Pods-Bulldog Bucks/Pods-Bulldog Bucks.debug.xcconfig"; sourceTree = "<group>"; };
		8DD35E2B6672372B94F41366 /* Pods-Bulldog Bucks - Watch Extension.debug.xcconfig */ = {isa = PBXFileReference; includeInIndex = 1; lastKnownFileType = text.xcconfig; name = "Pods-Bulldog Bucks - Watch Extension.debug.xcconfig"; path = "Pods/Target Support Files/Pods-Bulldog Bucks - Watch Extension/Pods-Bulldog Bucks - Watch Extension.debug.xcconfig"; sourceTree = "<group>"; };
		AE52BB75C2A9FF77FDC30725 /* Pods_Bulldog_Bucks.framework */ = {isa = PBXFileReference; explicitFileType = wrapper.framework; includeInIndex = 0; path = Pods_Bulldog_Bucks.framework; sourceTree = BUILT_PRODUCTS_DIR; };
		C634AFDE877D7BD6C0F1D2B7 /* Pods_Bulldog_Bucks___Watch_Extension.framework */ = {isa = PBXFileReference; explicitFileType = wrapper.framework; includeInIndex = 0; path = "Pods_Bulldog_Bucks___Watch_Extension.framework"; sourceTree = BUILT_PRODUCTS_DIR; };
		F6595EA8065A3A605ED0BFF3 /* Pods-Bulldog Bucks.release.xcconfig */ = {isa = PBXFileReference; includeInIndex = 1; lastKnownFileType = text.xcconfig; name = "Pods-Bulldog Bucks.release.xcconfig"; path = "Pods/Target Support Files/Pods-Bulldog Bucks/Pods-Bulldog Bucks.release.xcconfig"; sourceTree = "<group>"; };
/* End PBXFileReference section */

/* Begin PBXFrameworksBuildPhase section */
		476E50FB1E74FDD5005CD02C /* Frameworks */ = {
			isa = PBXFrameworksBuildPhase;
			buildActionMask = 2147483647;
			files = (
				DD0D01CF468979350E524430 /* Pods_Bulldog_Bucks___Watch_Extension.framework in Frameworks */,
			);
			runOnlyForDeploymentPostprocessing = 0;
		};
		479447C61D99F2C1007847BE /* Frameworks */ = {
			isa = PBXFrameworksBuildPhase;
			buildActionMask = 2147483647;
			files = (
				4FD985B394922C1542A06D4F /* Pods_Bulldog_Bucks.framework in Frameworks */,
			);
			runOnlyForDeploymentPostprocessing = 0;
		};
		479447FB1D9A4409007847BE /* Frameworks */ = {
			isa = PBXFrameworksBuildPhase;
			buildActionMask = 2147483647;
			files = (
				479448011D9A4409007847BE /* NotificationCenter.framework in Frameworks */,
				9B7CC4758AE70CF6FE70542A /* Pods_Bulldog_Bucks___Widget.framework in Frameworks */,
			);
			runOnlyForDeploymentPostprocessing = 0;
		};
		47ED9C731F5A178000AE4426 /* Frameworks */ = {
			isa = PBXFrameworksBuildPhase;
			buildActionMask = 2147483647;
			files = (
			);
			runOnlyForDeploymentPostprocessing = 0;
		};
		816571289F1651D68B0238FA /* Frameworks */ = {
			isa = PBXFrameworksBuildPhase;
			buildActionMask = 2147483647;
			files = (
				5532250FD1D30AA48FCF139D /* Pods_Bulldog_Bucks___Watch.framework in Frameworks */,
			);
			runOnlyForDeploymentPostprocessing = 0;
		};
/* End PBXFrameworksBuildPhase section */

/* Begin PBXGroup section */
		100961D36ED058D187FC87CD /* Pods */ = {
			isa = PBXGroup;
			children = (
				7FD039F73FFC974CA032E9B4 /* Pods-Bulldog Bucks.debug.xcconfig */,
				F6595EA8065A3A605ED0BFF3 /* Pods-Bulldog Bucks.release.xcconfig */,
				75C5213BB2EB1798286D34B6 /* Pods-Bulldog Bucks - Watch.debug.xcconfig */,
				6A76F6E1A19EC6FB55A647A0 /* Pods-Bulldog Bucks - Watch.release.xcconfig */,
				8DD35E2B6672372B94F41366 /* Pods-Bulldog Bucks - Watch Extension.debug.xcconfig */,
				419FB610336D91890E621897 /* Pods-Bulldog Bucks - Watch Extension.release.xcconfig */,
				10A12FFA7C1A9C04F568E86E /* Pods-Bulldog Bucks - Widget.debug.xcconfig */,
				2D3B0904DC0D5337113456AE /* Pods-Bulldog Bucks - Widget.release.xcconfig */,
			);
			name = Pods;
			sourceTree = "<group>";
		};
		470B059D1F51EF8000D48EF2 /* Models */ = {
			isa = PBXGroup;
			children = (
				4705B2571F5BAB4D004FAEAF /* Transaction.swift */,
				470B059E1F51EF8000D48EF2 /* Balance.swift */,
			);
			name = Models;
			path = Shared/Models;
			sourceTree = "<group>";
		};
		472F32F91DE2B6FA001D4B4C /* Custom Login Animation */ = {
			isa = PBXGroup;
			children = (
				472F330E1DE2BC6A001D4B4C /* CGRectEx.swift */,
				472F330F1DE2BC6A001D4B4C /* FadeTransition.swift */,
				472F33101DE2BC6A001D4B4C /* SpinerLayer.swift */,
				472F33111DE2BC6A001D4B4C /* TransitionSubmitButton.swift */,
			);
			path = "Custom Login Animation";
			sourceTree = "<group>";
		};
		472F331B1DE3DB9A001D4B4C /* DinPro */ = {
			isa = PBXGroup;
			children = (
				472F331C1DE3DBAB001D4B4C /* DINPro-Regular.ttf */,
			);
			name = DinPro;
			path = Shared/Fonts;
			sourceTree = "<group>";
		};
		4765FC1A1DDFC6D000BB2EBB /* API */ = {
			isa = PBXGroup;
			children = (
				4765FC1B1DDFC6FA00BB2EBB /* ZagwebAPI.swift */,
				47234DA31DE19ABF00C25C8F /* CustomAlert.swift */,
				472F33191DE3D5E5001D4B4C /* Extensions.swift */,
				477BE1671DE618B300F39E46 /* NetworkReachability.swift */,
				4761DF0B1E47D9C8004755EB /* BDBKeychain.swift */,
			);
			name = API;
			path = Shared/API;
			sourceTree = "<group>";
		};
		4767B3B71F5395B7006AD1BE /* Models */ = {
			isa = PBXGroup;
			children = (
				4767B3B81F5395B7006AD1BE /* Balance.swift */,
				4767B3BB1F539742006AD1BE /* BalanceList.swift */,
			);
			path = Models;
			sourceTree = "<group>";
		};
		476E50F31E74FDD5005CD02C /* Bulldog Bucks Watch */ = {
			isa = PBXGroup;
			children = (
				476E50F41E74FDD5005CD02C /* Interface.storyboard */,
				476E50F71E74FDD5005CD02C /* Assets.xcassets */,
				476E50F91E74FDD5005CD02C /* Info.plist */,
			);
			path = "Bulldog Bucks Watch";
			sourceTree = "<group>";
		};
		476E51021E74FDD5005CD02C /* Bulldog Bucks Watch Extension */ = {
			isa = PBXGroup;
			children = (
				4767B3B71F5395B7006AD1BE /* Models */,
				479C4D0E1E76826F005DAC22 /* Bulldog Bucks - Watch Extension.entitlements */,
				476E51031E74FDD5005CD02C /* InterfaceController.swift */,
				476E51051E74FDD5005CD02C /* ExtensionDelegate.swift */,
				476E51071E74FDD5005CD02C /* ComplicationController.swift */,
				476E51091E74FDD5005CD02C /* Assets.xcassets */,
				476E510B1E74FDD5005CD02C /* Info.plist */,
			);
			path = "Bulldog Bucks Watch Extension";
			sourceTree = "<group>";
		};
		478497EB1DA06BA800E8ADFA /* Shared */ = {
			isa = PBXGroup;
			children = (
				470B059D1F51EF8000D48EF2 /* Models */,
				478498141DA0723300E8ADFA /* Fonts */,
				4765FC1A1DDFC6D000BB2EBB /* API */,
			);
			name = Shared;
			sourceTree = "<group>";
		};
		478498141DA0723300E8ADFA /* Fonts */ = {
			isa = PBXGroup;
			children = (
				472F331B1DE3DB9A001D4B4C /* DinPro */,
				478498151DA0724100E8ADFA /* Lato */,
			);
			name = Fonts;
			sourceTree = "<group>";
		};
		478498151DA0724100E8ADFA /* Lato */ = {
			isa = PBXGroup;
			children = (
				478497FA1DA0721700E8ADFA /* Lato-Semibold.ttf */,
				478497FB1DA0721700E8ADFA /* Lato-SemiboldItalic.ttf */,
			);
			name = Lato;
			path = Shared/Fonts;
			sourceTree = "<group>";
		};
		479447C01D99F2C1007847BE = {
			isa = PBXGroup;
			children = (
				4767B3B41F525AF3006AD1BE /* Bulldog Bucks - Watch.entitlements */,
				4794B0191DE5061C00F71077 /* Bulldog Bucks.entitlements */,
				478497EB1DA06BA800E8ADFA /* Shared */,
				479447CB1D99F2C1007847BE /* Bulldog Bucks */,
				479448021D9A4409007847BE /* Bulldog Bucks Widget */,
				476E50F31E74FDD5005CD02C /* Bulldog Bucks Watch */,
				476E51021E74FDD5005CD02C /* Bulldog Bucks Watch Extension */,
				47ED9C771F5A178000AE4426 /* Bulldog BucksMainAppTests */,
				479447FF1D9A4409007847BE /* Frameworks */,
				479447CA1D99F2C1007847BE /* Products */,
				100961D36ED058D187FC87CD /* Pods */,
			);
			sourceTree = "<group>";
			usesTabs = 0;
		};
		479447CA1D99F2C1007847BE /* Products */ = {
			isa = PBXGroup;
			children = (
				479447C91D99F2C1007847BE /* Bulldog Bucks.app */,
				479447FE1D9A4409007847BE /* Bulldog Bucks - Widget.appex */,
				476E50F21E74FDD5005CD02C /* Bulldog Bucks - Watch.app */,
				476E50FE1E74FDD5005CD02C /* Bulldog Bucks - Watch Extension.appex */,
				47ED9C761F5A178000AE4426 /* Bulldog BucksMainAppTests.xctest */,
			);
			name = Products;
			sourceTree = "<group>";
		};
		479447CB1D99F2C1007847BE /* Bulldog Bucks */ = {
			isa = PBXGroup;
			children = (
				479447D31D99F2C1007847BE /* Assets.xcassets */,
				479447D01D99F2C1007847BE /* Main.storyboard */,
				479447D51D99F2C1007847BE /* LaunchScreen.storyboard */,
				479447D81D99F2C1007847BE /* Info.plist */,
				4794B0151DE502A700F71077 /* Sources */,
				4794B0161DE502AD00F71077 /* Resources */,
			);
			path = "Bulldog Bucks";
			sourceTree = "<group>";
		};
		479447FF1D9A4409007847BE /* Frameworks */ = {
			isa = PBXGroup;
			children = (
				479448001D9A4409007847BE /* NotificationCenter.framework */,
				AE52BB75C2A9FF77FDC30725 /* Pods_Bulldog_Bucks.framework */,
				108DE8F867AE914B810CC086 /* Pods_Bulldog_Bucks___Watch.framework */,
				C634AFDE877D7BD6C0F1D2B7 /* Pods_Bulldog_Bucks___Watch_Extension.framework */,
				74AD922576AEF5251449E394 /* Pods_Bulldog_Bucks___Widget.framework */,
			);
			name = Frameworks;
			sourceTree = "<group>";
		};
		479448021D9A4409007847BE /* Bulldog Bucks Widget */ = {
			isa = PBXGroup;
			children = (
				47D10B421DE1735D0041064C /* Bulldog Bucks Widget.entitlements */,
				479448031D9A4409007847BE /* TodayViewController.swift */,
				479448051D9A4409007847BE /* MainInterface.storyboard */,
				479448081D9A4409007847BE /* Info.plist */,
			);
			path = "Bulldog Bucks Widget";
			sourceTree = "<group>";
		};
		4794B0151DE502A700F71077 /* Sources */ = {
			isa = PBXGroup;
			children = (
				479447CC1D99F2C1007847BE /* AppDelegate.swift */,
				47BC3AB31DA09C9B001C3FD2 /* View Controllers */,
			);
			path = Sources;
			sourceTree = "<group>";
		};
		4794B0161DE502AD00F71077 /* Resources */ = {
			isa = PBXGroup;
			children = (
				47BF330A1F5DC69C005D162E /* Cell Models */,
				472F32F91DE2B6FA001D4B4C /* Custom Login Animation */,
				478D1A091DFF6BF000B25164 /* WebViewController.swift */,
			);
			path = Resources;
			sourceTree = "<group>";
		};
		47BC3AB31DA09C9B001C3FD2 /* View Controllers */ = {
			isa = PBXGroup;
			children = (
				479447CE1D99F2C1007847BE /* LoginViewController.swift */,
				47BC3AB61DA09D29001C3FD2 /* ViewController.swift */,
				47BF33081F5CF52C005D162E /* TransactionViewController.swift */,
			);
			path = "View Controllers";
			sourceTree = "<group>";
		};
		47BF330A1F5DC69C005D162E /* Cell Models */ = {
			isa = PBXGroup;
			children = (
				47BF330B1F5DC6E7005D162E /* TransactionTableViewCell.swift */,
				47BF330D1F5DDC0D005D162E /* DetailCollectionViewCell.swift */,
			);
			path = "Cell Models";
			sourceTree = "<group>";
		};
		47ED9C771F5A178000AE4426 /* Bulldog BucksMainAppTests */ = {
			isa = PBXGroup;
			children = (
				47ED9C781F5A178000AE4426 /* Bulldog_BucksMainAppTests.swift */,
				47ED9C7A1F5A178000AE4426 /* Info.plist */,
			);
			path = "Bulldog BucksMainAppTests";
			sourceTree = "<group>";
		};
/* End PBXGroup section */

/* Begin PBXNativeTarget section */
		476E50F11E74FDD5005CD02C /* Bulldog Bucks - Watch */ = {
			isa = PBXNativeTarget;
			buildConfigurationList = 476E51151E74FDD5005CD02C /* Build configuration list for PBXNativeTarget "Bulldog Bucks - Watch" */;
			buildPhases = (
				1DA1E704DCAFF71E59331075 /* [CP] Check Pods Manifest.lock */,
				476E50F01E74FDD5005CD02C /* Resources */,
				476E51141E74FDD5005CD02C /* Embed App Extensions */,
				816571289F1651D68B0238FA /* Frameworks */,
				1FCF26FA2CE42F52ED8253A7 /* [CP] Copy Pods Resources */,
			);
			buildRules = (
			);
			dependencies = (
				476E51011E74FDD5005CD02C /* PBXTargetDependency */,
			);
			name = "Bulldog Bucks - Watch";
			productName = "Bulldog Buck Balance";
			productReference = 476E50F21E74FDD5005CD02C /* Bulldog Bucks - Watch.app */;
			productType = "com.apple.product-type.application.watchapp2";
		};
		476E50FD1E74FDD5005CD02C /* Bulldog Bucks - Watch Extension */ = {
			isa = PBXNativeTarget;
			buildConfigurationList = 476E51131E74FDD5005CD02C /* Build configuration list for PBXNativeTarget "Bulldog Bucks - Watch Extension" */;
			buildPhases = (
				8FCC2BD8A3A59AF4494A7FFD /* [CP] Check Pods Manifest.lock */,
				476E50FA1E74FDD5005CD02C /* Sources */,
				476E50FB1E74FDD5005CD02C /* Frameworks */,
				476E50FC1E74FDD5005CD02C /* Resources */,
				4AB8FEE4FA3C9096B4ABA809 /* [CP] Embed Pods Frameworks */,
				F4849D4577FAC76AEF8F8086 /* [CP] Copy Pods Resources */,
			);
			buildRules = (
			);
			dependencies = (
			);
			name = "Bulldog Bucks - Watch Extension";
			productName = "Bulldog Buck Balance Extension";
			productReference = 476E50FE1E74FDD5005CD02C /* Bulldog Bucks - Watch Extension.appex */;
			productType = "com.apple.product-type.watchkit2-extension";
		};
		479447C81D99F2C1007847BE /* Bulldog Bucks */ = {
			isa = PBXNativeTarget;
			buildConfigurationList = 479447F11D99F2C2007847BE /* Build configuration list for PBXNativeTarget "Bulldog Bucks" */;
			buildPhases = (
				65DB6AD63831F48E8B36892D /* [CP] Check Pods Manifest.lock */,
				479447C51D99F2C1007847BE /* Sources */,
				479447C61D99F2C1007847BE /* Frameworks */,
				479447C71D99F2C1007847BE /* Resources */,
				4794480F1D9A4409007847BE /* Embed App Extensions */,
				47234DF81DE212D200C25C8F /* Embed Watch Content */,
				026AF6070B4DF7724A395E79 /* [CP] Embed Pods Frameworks */,
				7AFB902499179D8CB33CFB03 /* [CP] Copy Pods Resources */,
			);
			buildRules = (
			);
			dependencies = (
				4794480A1D9A4409007847BE /* PBXTargetDependency */,
				476E510D1E74FDD5005CD02C /* PBXTargetDependency */,
			);
			name = "Bulldog Bucks";
			productName = "Bulldog Bucks";
			productReference = 479447C91D99F2C1007847BE /* Bulldog Bucks.app */;
			productType = "com.apple.product-type.application";
		};
		479447FD1D9A4409007847BE /* Bulldog Bucks - Widget */ = {
			isa = PBXNativeTarget;
			buildConfigurationList = 4794480C1D9A4409007847BE /* Build configuration list for PBXNativeTarget "Bulldog Bucks - Widget" */;
			buildPhases = (
				C550A83C89469001B8383853 /* [CP] Check Pods Manifest.lock */,
				479447FA1D9A4409007847BE /* Sources */,
				479447FB1D9A4409007847BE /* Frameworks */,
				479447FC1D9A4409007847BE /* Resources */,
				AEC97C08DCF8643444776989 /* [CP] Copy Pods Resources */,
			);
			buildRules = (
			);
			dependencies = (
			);
			name = "Bulldog Bucks - Widget";
			productName = "Bulldog Bucks Widget";
			productReference = 479447FE1D9A4409007847BE /* Bulldog Bucks - Widget.appex */;
			productType = "com.apple.product-type.app-extension";
		};
		47ED9C751F5A178000AE4426 /* Bulldog BucksMainAppTests */ = {
			isa = PBXNativeTarget;
			buildConfigurationList = 47ED9C7F1F5A178000AE4426 /* Build configuration list for PBXNativeTarget "Bulldog BucksMainAppTests" */;
			buildPhases = (
				47ED9C721F5A178000AE4426 /* Sources */,
				47ED9C731F5A178000AE4426 /* Frameworks */,
				47ED9C741F5A178000AE4426 /* Resources */,
			);
			buildRules = (
			);
			dependencies = (
				47ED9C7C1F5A178000AE4426 /* PBXTargetDependency */,
			);
			name = "Bulldog BucksMainAppTests";
			productName = "Bulldog BucksMainAppTests";
			productReference = 47ED9C761F5A178000AE4426 /* Bulldog BucksMainAppTests.xctest */;
			productType = "com.apple.product-type.bundle.unit-test";
		};
/* End PBXNativeTarget section */

/* Begin PBXProject section */
		479447C11D99F2C1007847BE /* Project object */ = {
			isa = PBXProject;
			attributes = {
				LastSwiftUpdateCheck = 0830;
				LastUpgradeCheck = 0800;
				TargetAttributes = {
					476E50F11E74FDD5005CD02C = {
						CreatedOnToolsVersion = 8.2.1;
						DevelopmentTeam = NZ8449Y9W6;
						ProvisioningStyle = Automatic;
						SystemCapabilities = {
							com.apple.ApplicationGroups.iOS = {
								enabled = 1;
							};
							com.apple.BackgroundModes.watchos.app = {
								enabled = 1;
							};
						};
					};
					476E50FD1E74FDD5005CD02C = {
						CreatedOnToolsVersion = 8.2.1;
						DevelopmentTeam = NZ8449Y9W6;
						ProvisioningStyle = Automatic;
						SystemCapabilities = {
							com.apple.ApplicationGroups.iOS = {
								enabled = 1;
							};
							com.apple.BackgroundModes.watchos.extension = {
								enabled = 1;
							};
							com.apple.Keychain = {
								enabled = 1;
							};
						};
					};
					479447C81D99F2C1007847BE = {
						CreatedOnToolsVersion = 8.0;
						DevelopmentTeam = NZ8449Y9W6;
						ProvisioningStyle = Automatic;
						SystemCapabilities = {
							com.apple.ApplicationGroups.iOS = {
								enabled = 1;
							};
							com.apple.Keychain = {
								enabled = 1;
							};
						};
					};
					479447FD1D9A4409007847BE = {
						CreatedOnToolsVersion = 8.0;
						DevelopmentTeam = NZ8449Y9W6;
						ProvisioningStyle = Automatic;
						SystemCapabilities = {
							com.apple.ApplicationGroups.iOS = {
								enabled = 1;
							};
							com.apple.Keychain = {
								enabled = 1;
							};
						};
					};
					47ED9C751F5A178000AE4426 = {
						CreatedOnToolsVersion = 8.3.3;
						DevelopmentTeam = NZ8449Y9W6;
						ProvisioningStyle = Automatic;
						TestTargetID = 479447C81D99F2C1007847BE;
					};
				};
			};
			buildConfigurationList = 479447C41D99F2C1007847BE /* Build configuration list for PBXProject "Bulldog Bucks" */;
			compatibilityVersion = "Xcode 3.2";
			developmentRegion = English;
			hasScannedForEncodings = 0;
			knownRegions = (
				en,
				Base,
			);
			mainGroup = 479447C01D99F2C1007847BE;
			productRefGroup = 479447CA1D99F2C1007847BE /* Products */;
			projectDirPath = "";
			projectRoot = "";
			targets = (
				479447C81D99F2C1007847BE /* Bulldog Bucks */,
				479447FD1D9A4409007847BE /* Bulldog Bucks - Widget */,
				476E50F11E74FDD5005CD02C /* Bulldog Bucks - Watch */,
				476E50FD1E74FDD5005CD02C /* Bulldog Bucks - Watch Extension */,
				47ED9C751F5A178000AE4426 /* Bulldog BucksMainAppTests */,
			);
		};
/* End PBXProject section */

/* Begin PBXResourcesBuildPhase section */
		476E50F01E74FDD5005CD02C /* Resources */ = {
			isa = PBXResourcesBuildPhase;
			buildActionMask = 2147483647;
			files = (
				476E50F81E74FDD5005CD02C /* Assets.xcassets in Resources */,
				476E50F61E74FDD5005CD02C /* Interface.storyboard in Resources */,
			);
			runOnlyForDeploymentPostprocessing = 0;
		};
		476E50FC1E74FDD5005CD02C /* Resources */ = {
			isa = PBXResourcesBuildPhase;
			buildActionMask = 2147483647;
			files = (
				476E510A1E74FDD5005CD02C /* Assets.xcassets in Resources */,
			);
			runOnlyForDeploymentPostprocessing = 0;
		};
		479447C71D99F2C1007847BE /* Resources */ = {
			isa = PBXResourcesBuildPhase;
			buildActionMask = 2147483647;
			files = (
				479447D71D99F2C1007847BE /* LaunchScreen.storyboard in Resources */,
				4784980F1DA0721700E8ADFA /* Lato-SemiboldItalic.ttf in Resources */,
				479447D41D99F2C1007847BE /* Assets.xcassets in Resources */,
				472F331D1DE3DBAB001D4B4C /* DINPro-Regular.ttf in Resources */,
				4784980E1DA0721700E8ADFA /* Lato-Semibold.ttf in Resources */,
				479447D21D99F2C1007847BE /* Main.storyboard in Resources */,
			);
			runOnlyForDeploymentPostprocessing = 0;
		};
		479447FC1D9A4409007847BE /* Resources */ = {
			isa = PBXResourcesBuildPhase;
			buildActionMask = 2147483647;
			files = (
				479448071D9A4409007847BE /* MainInterface.storyboard in Resources */,
				477383E71E737062002053F0 /* DINPro-Regular.ttf in Resources */,
			);
			runOnlyForDeploymentPostprocessing = 0;
		};
		47ED9C741F5A178000AE4426 /* Resources */ = {
			isa = PBXResourcesBuildPhase;
			buildActionMask = 2147483647;
			files = (
			);
			runOnlyForDeploymentPostprocessing = 0;
		};
/* End PBXResourcesBuildPhase section */

/* Begin PBXShellScriptBuildPhase section */
		026AF6070B4DF7724A395E79 /* [CP] Embed Pods Frameworks */ = {
			isa = PBXShellScriptBuildPhase;
			buildActionMask = 2147483647;
			files = (
			);
			inputPaths = (
				"${SRCROOT}/Pods/Target Support Files/Pods-Bulldog Bucks/Pods-Bulldog Bucks-frameworks.sh",
				"${BUILT_PRODUCTS_DIR}/Alamofire-iOS/Alamofire.framework",
				"${BUILT_PRODUCTS_DIR}/KCFloatingActionButton/KCFloatingActionButton.framework",
				"${BUILT_PRODUCTS_DIR}/Kanna-iOS/Kanna.framework",
				"${BUILT_PRODUCTS_DIR}/KeychainAccess-iOS/KeychainAccess.framework",
				"${BUILT_PRODUCTS_DIR}/PromiseKit-iOS/PromiseKit.framework",
				"${BUILT_PRODUCTS_DIR}/Realm/Realm.framework",
				"${BUILT_PRODUCTS_DIR}/RealmSwift/RealmSwift.framework",
				"${BUILT_PRODUCTS_DIR}/SwiftSpinner/SwiftSpinner.framework",
			);
			name = "[CP] Embed Pods Frameworks";
			outputPaths = (
				"${TARGET_BUILD_DIR}/${FRAMEWORKS_FOLDER_PATH}/Alamofire.framework",
				"${TARGET_BUILD_DIR}/${FRAMEWORKS_FOLDER_PATH}/KCFloatingActionButton.framework",
				"${TARGET_BUILD_DIR}/${FRAMEWORKS_FOLDER_PATH}/Kanna.framework",
				"${TARGET_BUILD_DIR}/${FRAMEWORKS_FOLDER_PATH}/KeychainAccess.framework",
				"${TARGET_BUILD_DIR}/${FRAMEWORKS_FOLDER_PATH}/PromiseKit.framework",
				"${TARGET_BUILD_DIR}/${FRAMEWORKS_FOLDER_PATH}/Realm.framework",
				"${TARGET_BUILD_DIR}/${FRAMEWORKS_FOLDER_PATH}/RealmSwift.framework",
				"${TARGET_BUILD_DIR}/${FRAMEWORKS_FOLDER_PATH}/SwiftSpinner.framework",
			);
			runOnlyForDeploymentPostprocessing = 0;
			shellPath = /bin/sh;
			shellScript = "\"${SRCROOT}/Pods/Target Support Files/Pods-Bulldog Bucks/Pods-Bulldog Bucks-frameworks.sh\"\n";
			showEnvVarsInLog = 0;
		};
		1DA1E704DCAFF71E59331075 /* [CP] Check Pods Manifest.lock */ = {
			isa = PBXShellScriptBuildPhase;
			buildActionMask = 2147483647;
			files = (
			);
			inputPaths = (
				"${PODS_PODFILE_DIR_PATH}/Podfile.lock",
				"${PODS_ROOT}/Manifest.lock",
			);
			name = "[CP] Check Pods Manifest.lock";
			outputPaths = (
				"$(DERIVED_FILE_DIR)/Pods-Bulldog Bucks - Watch-checkManifestLockResult.txt",
			);
			runOnlyForDeploymentPostprocessing = 0;
			shellPath = /bin/sh;
			shellScript = "diff \"${PODS_PODFILE_DIR_PATH}/Podfile.lock\" \"${PODS_ROOT}/Manifest.lock\" > /dev/null\nif [ $? != 0 ] ; then\n    # print error to STDERR\n    echo \"error: The sandbox is not in sync with the Podfile.lock. Run 'pod install' or update your CocoaPods installation.\" >&2\n    exit 1\nfi\n# This output is used by Xcode 'outputs' to avoid re-running this script phase.\necho \"SUCCESS\" > \"${SCRIPT_OUTPUT_FILE_0}\"\n";
			showEnvVarsInLog = 0;
		};
		1FCF26FA2CE42F52ED8253A7 /* [CP] Copy Pods Resources */ = {
			isa = PBXShellScriptBuildPhase;
			buildActionMask = 2147483647;
			files = (
			);
			inputPaths = (
			);
			name = "[CP] Copy Pods Resources";
			outputPaths = (
			);
			runOnlyForDeploymentPostprocessing = 0;
			shellPath = /bin/sh;
			shellScript = "\"${SRCROOT}/Pods/Target Support Files/Pods-Bulldog Bucks - Watch/Pods-Bulldog Bucks - Watch-resources.sh\"\n";
			showEnvVarsInLog = 0;
		};
		4AB8FEE4FA3C9096B4ABA809 /* [CP] Embed Pods Frameworks */ = {
			isa = PBXShellScriptBuildPhase;
			buildActionMask = 2147483647;
			files = (
			);
			inputPaths = (
				"${SRCROOT}/Pods/Target Support Files/Pods-Bulldog Bucks - Watch Extension/Pods-Bulldog Bucks - Watch Extension-frameworks.sh",
				"${BUILT_PRODUCTS_DIR}/Alamofire-watchOS/Alamofire.framework",
				"${BUILT_PRODUCTS_DIR}/Kanna-watchOS/Kanna.framework",
				"${BUILT_PRODUCTS_DIR}/KeychainAccess-watchOS/KeychainAccess.framework",
				"${BUILT_PRODUCTS_DIR}/PromiseKit-watchOS/PromiseKit.framework",
			);
			name = "[CP] Embed Pods Frameworks";
			outputPaths = (
				"${TARGET_BUILD_DIR}/${FRAMEWORKS_FOLDER_PATH}/Alamofire.framework",
				"${TARGET_BUILD_DIR}/${FRAMEWORKS_FOLDER_PATH}/Kanna.framework",
				"${TARGET_BUILD_DIR}/${FRAMEWORKS_FOLDER_PATH}/KeychainAccess.framework",
				"${TARGET_BUILD_DIR}/${FRAMEWORKS_FOLDER_PATH}/PromiseKit.framework",
			);
			runOnlyForDeploymentPostprocessing = 0;
			shellPath = /bin/sh;
			shellScript = "\"${SRCROOT}/Pods/Target Support Files/Pods-Bulldog Bucks - Watch Extension/Pods-Bulldog Bucks - Watch Extension-frameworks.sh\"\n";
			showEnvVarsInLog = 0;
		};
		65DB6AD63831F48E8B36892D /* [CP] Check Pods Manifest.lock */ = {
			isa = PBXShellScriptBuildPhase;
			buildActionMask = 2147483647;
			files = (
			);
			inputPaths = (
				"${PODS_PODFILE_DIR_PATH}/Podfile.lock",
				"${PODS_ROOT}/Manifest.lock",
			);
			name = "[CP] Check Pods Manifest.lock";
			outputPaths = (
				"$(DERIVED_FILE_DIR)/Pods-Bulldog Bucks-checkManifestLockResult.txt",
			);
			runOnlyForDeploymentPostprocessing = 0;
			shellPath = /bin/sh;
			shellScript = "diff \"${PODS_PODFILE_DIR_PATH}/Podfile.lock\" \"${PODS_ROOT}/Manifest.lock\" > /dev/null\nif [ $? != 0 ] ; then\n    # print error to STDERR\n    echo \"error: The sandbox is not in sync with the Podfile.lock. Run 'pod install' or update your CocoaPods installation.\" >&2\n    exit 1\nfi\n# This output is used by Xcode 'outputs' to avoid re-running this script phase.\necho \"SUCCESS\" > \"${SCRIPT_OUTPUT_FILE_0}\"\n";
			showEnvVarsInLog = 0;
		};
		7AFB902499179D8CB33CFB03 /* [CP] Copy Pods Resources */ = {
			isa = PBXShellScriptBuildPhase;
			buildActionMask = 2147483647;
			files = (
			);
			inputPaths = (
			);
			name = "[CP] Copy Pods Resources";
			outputPaths = (
			);
			runOnlyForDeploymentPostprocessing = 0;
			shellPath = /bin/sh;
			shellScript = "\"${SRCROOT}/Pods/Target Support Files/Pods-Bulldog Bucks/Pods-Bulldog Bucks-resources.sh\"\n";
			showEnvVarsInLog = 0;
		};
		8FCC2BD8A3A59AF4494A7FFD /* [CP] Check Pods Manifest.lock */ = {
			isa = PBXShellScriptBuildPhase;
			buildActionMask = 2147483647;
			files = (
			);
			inputPaths = (
				"${PODS_PODFILE_DIR_PATH}/Podfile.lock",
				"${PODS_ROOT}/Manifest.lock",
			);
			name = "[CP] Check Pods Manifest.lock";
			outputPaths = (
				"$(DERIVED_FILE_DIR)/Pods-Bulldog Bucks - Watch Extension-checkManifestLockResult.txt",
			);
			runOnlyForDeploymentPostprocessing = 0;
			shellPath = /bin/sh;
			shellScript = "diff \"${PODS_PODFILE_DIR_PATH}/Podfile.lock\" \"${PODS_ROOT}/Manifest.lock\" > /dev/null\nif [ $? != 0 ] ; then\n    # print error to STDERR\n    echo \"error: The sandbox is not in sync with the Podfile.lock. Run 'pod install' or update your CocoaPods installation.\" >&2\n    exit 1\nfi\n# This output is used by Xcode 'outputs' to avoid re-running this script phase.\necho \"SUCCESS\" > \"${SCRIPT_OUTPUT_FILE_0}\"\n";
			showEnvVarsInLog = 0;
		};
		AEC97C08DCF8643444776989 /* [CP] Copy Pods Resources */ = {
			isa = PBXShellScriptBuildPhase;
			buildActionMask = 2147483647;
			files = (
			);
			inputPaths = (
			);
			name = "[CP] Copy Pods Resources";
			outputPaths = (
			);
			runOnlyForDeploymentPostprocessing = 0;
			shellPath = /bin/sh;
			shellScript = "\"${SRCROOT}/Pods/Target Support Files/Pods-Bulldog Bucks - Widget/Pods-Bulldog Bucks - Widget-resources.sh\"\n";
			showEnvVarsInLog = 0;
		};
		C550A83C89469001B8383853 /* [CP] Check Pods Manifest.lock */ = {
			isa = PBXShellScriptBuildPhase;
			buildActionMask = 2147483647;
			files = (
			);
			inputPaths = (
				"${PODS_PODFILE_DIR_PATH}/Podfile.lock",
				"${PODS_ROOT}/Manifest.lock",
			);
			name = "[CP] Check Pods Manifest.lock";
			outputPaths = (
				"$(DERIVED_FILE_DIR)/Pods-Bulldog Bucks - Widget-checkManifestLockResult.txt",
			);
			runOnlyForDeploymentPostprocessing = 0;
			shellPath = /bin/sh;
			shellScript = "diff \"${PODS_PODFILE_DIR_PATH}/Podfile.lock\" \"${PODS_ROOT}/Manifest.lock\" > /dev/null\nif [ $? != 0 ] ; then\n    # print error to STDERR\n    echo \"error: The sandbox is not in sync with the Podfile.lock. Run 'pod install' or update your CocoaPods installation.\" >&2\n    exit 1\nfi\n# This output is used by Xcode 'outputs' to avoid re-running this script phase.\necho \"SUCCESS\" > \"${SCRIPT_OUTPUT_FILE_0}\"\n";
			showEnvVarsInLog = 0;
		};
		F4849D4577FAC76AEF8F8086 /* [CP] Copy Pods Resources */ = {
			isa = PBXShellScriptBuildPhase;
			buildActionMask = 2147483647;
			files = (
			);
			inputPaths = (
			);
			name = "[CP] Copy Pods Resources";
			outputPaths = (
			);
			runOnlyForDeploymentPostprocessing = 0;
			shellPath = /bin/sh;
			shellScript = "\"${SRCROOT}/Pods/Target Support Files/Pods-Bulldog Bucks - Watch Extension/Pods-Bulldog Bucks - Watch Extension-resources.sh\"\n";
			showEnvVarsInLog = 0;
		};
/* End PBXShellScriptBuildPhase section */

/* Begin PBXSourcesBuildPhase section */
		476E50FA1E74FDD5005CD02C /* Sources */ = {
			isa = PBXSourcesBuildPhase;
			buildActionMask = 2147483647;
			files = (
				476E51061E74FDD5005CD02C /* ExtensionDelegate.swift in Sources */,
				4797116C1E75CC940060DC97 /* Extensions.swift in Sources */,
				476E511B1E751B01005CD02C /* ZagwebAPI.swift in Sources */,
				476E51041E74FDD5005CD02C /* InterfaceController.swift in Sources */,
				476E51081E74FDD5005CD02C /* ComplicationController.swift in Sources */,
				4767B3BA1F5395BE006AD1BE /* Balance.swift in Sources */,
				4767B3BC1F539742006AD1BE /* BalanceList.swift in Sources */,
				476E51191E750A63005CD02C /* BDBKeychain.swift in Sources */,
				4705B2591F5BAB5D004FAEAF /* Transaction.swift in Sources */,
			);
			runOnlyForDeploymentPostprocessing = 0;
		};
		479447C51D99F2C1007847BE /* Sources */ = {
			isa = PBXSourcesBuildPhase;
			buildActionMask = 2147483647;
			files = (
				477BE1681DE618B300F39E46 /* NetworkReachability.swift in Sources */,
				47BF330C1F5DC6E7005D162E /* TransactionTableViewCell.swift in Sources */,
				47BF330E1F5DDC0D005D162E /* DetailCollectionViewCell.swift in Sources */,
				47D47F321DDFCCCC0094D448 /* ZagwebAPI.swift in Sources */,
				472F33131DE2BC6A001D4B4C /* FadeTransition.swift in Sources */,
				472F33141DE2BC6A001D4B4C /* SpinerLayer.swift in Sources */,
				4761DF0C1E47D9C8004755EB /* BDBKeychain.swift in Sources */,
				47BC3AB71DA09D29001C3FD2 /* ViewController.swift in Sources */,
				479447CF1D99F2C1007847BE /* LoginViewController.swift in Sources */,
				472F33151DE2BC6A001D4B4C /* TransitionSubmitButton.swift in Sources */,
				47BF33091F5CF52C005D162E /* TransactionViewController.swift in Sources */,
				478D1A0A1DFF6BF000B25164 /* WebViewController.swift in Sources */,
				479447CD1D99F2C1007847BE /* AppDelegate.swift in Sources */,
				472F33121DE2BC6A001D4B4C /* CGRectEx.swift in Sources */,
				472F331A1DE3D5E5001D4B4C /* Extensions.swift in Sources */,
				470B05A01F51EF8000D48EF2 /* Balance.swift in Sources */,
				47234DA41DE19ABF00C25C8F /* CustomAlert.swift in Sources */,
				4705B2581F5BAB4D004FAEAF /* Transaction.swift in Sources */,
			);
			runOnlyForDeploymentPostprocessing = 0;
		};
		479447FA1D9A4409007847BE /* Sources */ = {
			isa = PBXSourcesBuildPhase;
			buildActionMask = 2147483647;
			files = (
				4705B25B1F5BAB5F004FAEAF /* Transaction.swift in Sources */,
				47D10B401DE11B4B0041064C /* ZagwebAPI.swift in Sources */,
				479448041D9A4409007847BE /* TodayViewController.swift in Sources */,
				47DAF0771DE5166E00499185 /* Extensions.swift in Sources */,
				4761DF0D1E47D9C8004755EB /* BDBKeychain.swift in Sources */,
				470B05A31F51EF9300D48EF2 /* Balance.swift in Sources */,
				477BE1691DE618B300F39E46 /* NetworkReachability.swift in Sources */,
			);
			runOnlyForDeploymentPostprocessing = 0;
		};
		47ED9C721F5A178000AE4426 /* Sources */ = {
			isa = PBXSourcesBuildPhase;
			buildActionMask = 2147483647;
			files = (
				4705B25A1F5BAB5E004FAEAF /* Transaction.swift in Sources */,
				47ED9C791F5A178000AE4426 /* Bulldog_BucksMainAppTests.swift in Sources */,
			);
			runOnlyForDeploymentPostprocessing = 0;
		};
/* End PBXSourcesBuildPhase section */

/* Begin PBXTargetDependency section */
		476E51011E74FDD5005CD02C /* PBXTargetDependency */ = {
			isa = PBXTargetDependency;
			target = 476E50FD1E74FDD5005CD02C /* Bulldog Bucks - Watch Extension */;
			targetProxy = 476E51001E74FDD5005CD02C /* PBXContainerItemProxy */;
		};
		476E510D1E74FDD5005CD02C /* PBXTargetDependency */ = {
			isa = PBXTargetDependency;
			target = 476E50F11E74FDD5005CD02C /* Bulldog Bucks - Watch */;
			targetProxy = 476E510C1E74FDD5005CD02C /* PBXContainerItemProxy */;
		};
		4794480A1D9A4409007847BE /* PBXTargetDependency */ = {
			isa = PBXTargetDependency;
			target = 479447FD1D9A4409007847BE /* Bulldog Bucks - Widget */;
			targetProxy = 479448091D9A4409007847BE /* PBXContainerItemProxy */;
		};
		47ED9C7C1F5A178000AE4426 /* PBXTargetDependency */ = {
			isa = PBXTargetDependency;
			target = 479447C81D99F2C1007847BE /* Bulldog Bucks */;
			targetProxy = 47ED9C7B1F5A178000AE4426 /* PBXContainerItemProxy */;
		};
/* End PBXTargetDependency section */

/* Begin PBXVariantGroup section */
		476E50F41E74FDD5005CD02C /* Interface.storyboard */ = {
			isa = PBXVariantGroup;
			children = (
				476E50F51E74FDD5005CD02C /* Base */,
			);
			name = Interface.storyboard;
			sourceTree = "<group>";
		};
		479447D01D99F2C1007847BE /* Main.storyboard */ = {
			isa = PBXVariantGroup;
			children = (
				479447D11D99F2C1007847BE /* Base */,
			);
			name = Main.storyboard;
			sourceTree = "<group>";
		};
		479447D51D99F2C1007847BE /* LaunchScreen.storyboard */ = {
			isa = PBXVariantGroup;
			children = (
				479447D61D99F2C1007847BE /* Base */,
			);
			name = LaunchScreen.storyboard;
			sourceTree = "<group>";
		};
		479448051D9A4409007847BE /* MainInterface.storyboard */ = {
			isa = PBXVariantGroup;
			children = (
				479448061D9A4409007847BE /* Base */,
			);
			name = MainInterface.storyboard;
			sourceTree = "<group>";
		};
/* End PBXVariantGroup section */

/* Begin XCBuildConfiguration section */
		476E510F1E74FDD5005CD02C /* Debug */ = {
			isa = XCBuildConfiguration;
			baseConfigurationReference = 75C5213BB2EB1798286D34B6 /* Pods-Bulldog Bucks - Watch.debug.xcconfig */;
			buildSettings = {
				ALWAYS_EMBED_SWIFT_STANDARD_LIBRARIES = "$(inherited)";
				ASSETCATALOG_COMPILER_APPICON_NAME = AppIcon;
				CODE_SIGN_ENTITLEMENTS = "Bulldog Bucks - Watch.entitlements";
				DEVELOPMENT_TEAM = NZ8449Y9W6;
				IBSC_MODULE = "$(PRODUCT_NAME:c99extidentifier)";
				INFOPLIST_FILE = "$(SRCROOT)/Bulldog Bucks Watch/Info.plist";
				PRODUCT_BUNDLE_IDENTIFIER = "co.rudybermudez.Bulldog-Bucks.watchkitapp";
				PRODUCT_NAME = "$(TARGET_NAME)";
				SDKROOT = watchos;
				SKIP_INSTALL = YES;
				SWIFT_VERSION = 3.0;
				TARGETED_DEVICE_FAMILY = 4;
				WATCHOS_DEPLOYMENT_TARGET = 3.1;
			};
			name = Debug;
		};
		476E51101E74FDD5005CD02C /* Release */ = {
			isa = XCBuildConfiguration;
			baseConfigurationReference = 6A76F6E1A19EC6FB55A647A0 /* Pods-Bulldog Bucks - Watch.release.xcconfig */;
			buildSettings = {
				ALWAYS_EMBED_SWIFT_STANDARD_LIBRARIES = "$(inherited)";
				ASSETCATALOG_COMPILER_APPICON_NAME = AppIcon;
				CODE_SIGN_ENTITLEMENTS = "Bulldog Bucks - Watch.entitlements";
				DEVELOPMENT_TEAM = NZ8449Y9W6;
				IBSC_MODULE = "$(PRODUCT_NAME:c99extidentifier)";
				INFOPLIST_FILE = "$(SRCROOT)/Bulldog Bucks Watch/Info.plist";
				PRODUCT_BUNDLE_IDENTIFIER = "co.rudybermudez.Bulldog-Bucks.watchkitapp";
				PRODUCT_NAME = "$(TARGET_NAME)";
				SDKROOT = watchos;
				SKIP_INSTALL = YES;
				SWIFT_VERSION = 3.0;
				TARGETED_DEVICE_FAMILY = 4;
				WATCHOS_DEPLOYMENT_TARGET = 3.1;
			};
			name = Release;
		};
		476E51111E74FDD5005CD02C /* Debug */ = {
			isa = XCBuildConfiguration;
			baseConfigurationReference = 8DD35E2B6672372B94F41366 /* Pods-Bulldog Bucks - Watch Extension.debug.xcconfig */;
			buildSettings = {
				ALWAYS_EMBED_SWIFT_STANDARD_LIBRARIES = "$(inherited)";
				ASSETCATALOG_COMPILER_COMPLICATION_NAME = Complication;
				CODE_SIGN_ENTITLEMENTS = "Bulldog Bucks Watch Extension/Bulldog Bucks - Watch Extension.entitlements";
				DEVELOPMENT_TEAM = NZ8449Y9W6;
				INFOPLIST_FILE = "$(SRCROOT)/Bulldog Bucks Watch Extension/Info.plist";
				LD_RUNPATH_SEARCH_PATHS = "$(inherited) @executable_path/Frameworks @executable_path/../../Frameworks";
				PRODUCT_BUNDLE_IDENTIFIER = "co.rudybermudez.Bulldog-Bucks.watchkitapp.watchkitextension";
				PRODUCT_NAME = "${TARGET_NAME}";
				SDKROOT = watchos;
				SKIP_INSTALL = YES;
				SWIFT_VERSION = 3.0;
				TARGETED_DEVICE_FAMILY = 4;
				WATCHOS_DEPLOYMENT_TARGET = 3.1;
			};
			name = Debug;
		};
		476E51121E74FDD5005CD02C /* Release */ = {
			isa = XCBuildConfiguration;
			baseConfigurationReference = 419FB610336D91890E621897 /* Pods-Bulldog Bucks - Watch Extension.release.xcconfig */;
			buildSettings = {
				ALWAYS_EMBED_SWIFT_STANDARD_LIBRARIES = "$(inherited)";
				ASSETCATALOG_COMPILER_COMPLICATION_NAME = Complication;
				CODE_SIGN_ENTITLEMENTS = "Bulldog Bucks Watch Extension/Bulldog Bucks - Watch Extension.entitlements";
				DEVELOPMENT_TEAM = NZ8449Y9W6;
				INFOPLIST_FILE = "$(SRCROOT)/Bulldog Bucks Watch Extension/Info.plist";
				LD_RUNPATH_SEARCH_PATHS = "$(inherited) @executable_path/Frameworks @executable_path/../../Frameworks";
				PRODUCT_BUNDLE_IDENTIFIER = "co.rudybermudez.Bulldog-Bucks.watchkitapp.watchkitextension";
				PRODUCT_NAME = "${TARGET_NAME}";
				SDKROOT = watchos;
				SKIP_INSTALL = YES;
				SWIFT_VERSION = 3.0;
				TARGETED_DEVICE_FAMILY = 4;
				WATCHOS_DEPLOYMENT_TARGET = 3.1;
			};
			name = Release;
		};
		479447EF1D99F2C2007847BE /* Debug */ = {
			isa = XCBuildConfiguration;
			buildSettings = {
				ALWAYS_SEARCH_USER_PATHS = NO;
				CLANG_ANALYZER_NONNULL = YES;
				CLANG_CXX_LANGUAGE_STANDARD = "gnu++0x";
				CLANG_CXX_LIBRARY = "libc++";
				CLANG_ENABLE_MODULES = YES;
				CLANG_ENABLE_OBJC_ARC = YES;
				CLANG_WARN_BOOL_CONVERSION = YES;
				CLANG_WARN_CONSTANT_CONVERSION = YES;
				CLANG_WARN_DIRECT_OBJC_ISA_USAGE = YES_ERROR;
				CLANG_WARN_DOCUMENTATION_COMMENTS = YES;
				CLANG_WARN_EMPTY_BODY = YES;
				CLANG_WARN_ENUM_CONVERSION = YES;
				CLANG_WARN_INFINITE_RECURSION = YES;
				CLANG_WARN_INT_CONVERSION = YES;
				CLANG_WARN_OBJC_ROOT_CLASS = YES_ERROR;
				CLANG_WARN_SUSPICIOUS_MOVE = YES;
				CLANG_WARN_SUSPICIOUS_MOVES = YES;
				CLANG_WARN_UNREACHABLE_CODE = YES;
				CLANG_WARN__DUPLICATE_METHOD_MATCH = YES;
				"CODE_SIGN_IDENTITY[sdk=iphoneos*]" = "iPhone Developer";
				COPY_PHASE_STRIP = NO;
				DEBUG_INFORMATION_FORMAT = dwarf;
				ENABLE_STRICT_OBJC_MSGSEND = YES;
				ENABLE_TESTABILITY = YES;
				GCC_C_LANGUAGE_STANDARD = gnu99;
				GCC_DYNAMIC_NO_PIC = NO;
				GCC_NO_COMMON_BLOCKS = YES;
				GCC_OPTIMIZATION_LEVEL = 0;
				GCC_PREPROCESSOR_DEFINITIONS = (
					"DEBUG=1",
					"$(inherited)",
				);
				GCC_WARN_64_TO_32_BIT_CONVERSION = YES;
				GCC_WARN_ABOUT_RETURN_TYPE = YES_ERROR;
				GCC_WARN_UNDECLARED_SELECTOR = YES;
				GCC_WARN_UNINITIALIZED_AUTOS = YES_AGGRESSIVE;
				GCC_WARN_UNUSED_FUNCTION = YES;
				GCC_WARN_UNUSED_VARIABLE = YES;
				IPHONEOS_DEPLOYMENT_TARGET = 9.3;
				MTL_ENABLE_DEBUG_INFO = YES;
				ONLY_ACTIVE_ARCH = YES;
				SDKROOT = iphoneos;
				SWIFT_ACTIVE_COMPILATION_CONDITIONS = DEBUG;
				SWIFT_OPTIMIZATION_LEVEL = "-Onone";
				TARGETED_DEVICE_FAMILY = "1,2";
			};
			name = Debug;
		};
		479447F01D99F2C2007847BE /* Release */ = {
			isa = XCBuildConfiguration;
			buildSettings = {
				ALWAYS_SEARCH_USER_PATHS = NO;
				CLANG_ANALYZER_NONNULL = YES;
				CLANG_CXX_LANGUAGE_STANDARD = "gnu++0x";
				CLANG_CXX_LIBRARY = "libc++";
				CLANG_ENABLE_MODULES = YES;
				CLANG_ENABLE_OBJC_ARC = YES;
				CLANG_WARN_BOOL_CONVERSION = YES;
				CLANG_WARN_CONSTANT_CONVERSION = YES;
				CLANG_WARN_DIRECT_OBJC_ISA_USAGE = YES_ERROR;
				CLANG_WARN_DOCUMENTATION_COMMENTS = YES;
				CLANG_WARN_EMPTY_BODY = YES;
				CLANG_WARN_ENUM_CONVERSION = YES;
				CLANG_WARN_INFINITE_RECURSION = YES;
				CLANG_WARN_INT_CONVERSION = YES;
				CLANG_WARN_OBJC_ROOT_CLASS = YES_ERROR;
				CLANG_WARN_SUSPICIOUS_MOVE = YES;
				CLANG_WARN_SUSPICIOUS_MOVES = YES;
				CLANG_WARN_UNREACHABLE_CODE = YES;
				CLANG_WARN__DUPLICATE_METHOD_MATCH = YES;
				"CODE_SIGN_IDENTITY[sdk=iphoneos*]" = "iPhone Developer";
				COPY_PHASE_STRIP = NO;
				DEBUG_INFORMATION_FORMAT = "dwarf-with-dsym";
				ENABLE_NS_ASSERTIONS = NO;
				ENABLE_STRICT_OBJC_MSGSEND = YES;
				GCC_C_LANGUAGE_STANDARD = gnu99;
				GCC_NO_COMMON_BLOCKS = YES;
				GCC_WARN_64_TO_32_BIT_CONVERSION = YES;
				GCC_WARN_ABOUT_RETURN_TYPE = YES_ERROR;
				GCC_WARN_UNDECLARED_SELECTOR = YES;
				GCC_WARN_UNINITIALIZED_AUTOS = YES_AGGRESSIVE;
				GCC_WARN_UNUSED_FUNCTION = YES;
				GCC_WARN_UNUSED_VARIABLE = YES;
				IPHONEOS_DEPLOYMENT_TARGET = 9.3;
				MTL_ENABLE_DEBUG_INFO = NO;
				SDKROOT = iphoneos;
				SWIFT_OPTIMIZATION_LEVEL = "-Owholemodule";
				TARGETED_DEVICE_FAMILY = "1,2";
				VALIDATE_PRODUCT = YES;
			};
			name = Release;
		};
		479447F21D99F2C2007847BE /* Debug */ = {
			isa = XCBuildConfiguration;
			baseConfigurationReference = 7FD039F73FFC974CA032E9B4 /* Pods-Bulldog Bucks.debug.xcconfig */;
			buildSettings = {
				ALWAYS_EMBED_SWIFT_STANDARD_LIBRARIES = "$(inherited)";
				ASSETCATALOG_COMPILER_APPICON_NAME = AppIcon;
				CODE_SIGN_ENTITLEMENTS = "Bulldog Bucks.entitlements";
				DEVELOPMENT_TEAM = NZ8449Y9W6;
				INFOPLIST_FILE = "$(SRCROOT)/Bulldog Bucks/Info.plist";
				IPHONEOS_DEPLOYMENT_TARGET = 9.3;
				LD_RUNPATH_SEARCH_PATHS = "$(inherited) @executable_path/Frameworks";
				PRODUCT_BUNDLE_IDENTIFIER = "co.rudybermudez.Bulldog-Bucks";
				PRODUCT_NAME = "$(TARGET_NAME)";
				SWIFT_VERSION = 3.0;
				TARGETED_DEVICE_FAMILY = "1,2";
			};
			name = Debug;
		};
		479447F31D99F2C2007847BE /* Release */ = {
			isa = XCBuildConfiguration;
			baseConfigurationReference = F6595EA8065A3A605ED0BFF3 /* Pods-Bulldog Bucks.release.xcconfig */;
			buildSettings = {
				ALWAYS_EMBED_SWIFT_STANDARD_LIBRARIES = "$(inherited)";
				ASSETCATALOG_COMPILER_APPICON_NAME = AppIcon;
				CODE_SIGN_ENTITLEMENTS = "Bulldog Bucks.entitlements";
				DEVELOPMENT_TEAM = NZ8449Y9W6;
				INFOPLIST_FILE = "$(SRCROOT)/Bulldog Bucks/Info.plist";
				IPHONEOS_DEPLOYMENT_TARGET = 9.3;
				LD_RUNPATH_SEARCH_PATHS = "$(inherited) @executable_path/Frameworks";
				PRODUCT_BUNDLE_IDENTIFIER = "co.rudybermudez.Bulldog-Bucks";
				PRODUCT_NAME = "$(TARGET_NAME)";
				SWIFT_VERSION = 3.0;
				TARGETED_DEVICE_FAMILY = "1,2";
			};
			name = Release;
		};
		4794480D1D9A4409007847BE /* Debug */ = {
			isa = XCBuildConfiguration;
			baseConfigurationReference = 10A12FFA7C1A9C04F568E86E /* Pods-Bulldog Bucks - Widget.debug.xcconfig */;
			buildSettings = {
				ALWAYS_EMBED_SWIFT_STANDARD_LIBRARIES = "$(inherited)";
				CODE_SIGN_ENTITLEMENTS = "Bulldog Bucks Widget/Bulldog Bucks Widget.entitlements";
				"CODE_SIGN_IDENTITY[sdk=iphoneos*]" = "iPhone Developer";
				DEVELOPMENT_TEAM = NZ8449Y9W6;
				INFOPLIST_FILE = "Bulldog Bucks Widget/Info.plist";
				IPHONEOS_DEPLOYMENT_TARGET = 9.3;
				LD_RUNPATH_SEARCH_PATHS = "$(inherited) @executable_path/Frameworks @executable_path/../../Frameworks";
				PRODUCT_BUNDLE_IDENTIFIER = "co.rudybermudez.Bulldog-Bucks.Widget";
				PRODUCT_NAME = "$(TARGET_NAME)";
				PROVISIONING_PROFILE = "";
				PROVISIONING_PROFILE_SPECIFIER = "";
				SKIP_INSTALL = YES;
				SWIFT_VERSION = 3.0;
				TARGETED_DEVICE_FAMILY = "1,2";
			};
			name = Debug;
		};
		4794480E1D9A4409007847BE /* Release */ = {
			isa = XCBuildConfiguration;
			baseConfigurationReference = 2D3B0904DC0D5337113456AE /* Pods-Bulldog Bucks - Widget.release.xcconfig */;
			buildSettings = {
				ALWAYS_EMBED_SWIFT_STANDARD_LIBRARIES = "$(inherited)";
				CODE_SIGN_ENTITLEMENTS = "Bulldog Bucks Widget/Bulldog Bucks Widget.entitlements";
				"CODE_SIGN_IDENTITY[sdk=iphoneos*]" = "iPhone Developer";
				DEVELOPMENT_TEAM = NZ8449Y9W6;
				INFOPLIST_FILE = "Bulldog Bucks Widget/Info.plist";
				IPHONEOS_DEPLOYMENT_TARGET = 9.3;
				LD_RUNPATH_SEARCH_PATHS = "$(inherited) @executable_path/Frameworks @executable_path/../../Frameworks";
				PRODUCT_BUNDLE_IDENTIFIER = "co.rudybermudez.Bulldog-Bucks.Widget";
				PRODUCT_NAME = "$(TARGET_NAME)";
				SKIP_INSTALL = YES;
				SWIFT_VERSION = 3.0;
				TARGETED_DEVICE_FAMILY = "1,2";
			};
			name = Release;
		};
		47ED9C7D1F5A178000AE4426 /* Debug */ = {
			isa = XCBuildConfiguration;
			buildSettings = {
				BUNDLE_LOADER = "$(TEST_HOST)";
				CLANG_ANALYZER_NUMBER_OBJECT_CONVERSION = YES_AGGRESSIVE;
				DEVELOPMENT_TEAM = NZ8449Y9W6;
				INFOPLIST_FILE = "Bulldog BucksMainAppTests/Info.plist";
				IPHONEOS_DEPLOYMENT_TARGET = 9.3;
				LD_RUNPATH_SEARCH_PATHS = "$(inherited) @executable_path/Frameworks @loader_path/Frameworks";
				PRODUCT_BUNDLE_IDENTIFIER = "io.rudybermudez.Bulldog-BucksMainAppTests";
				PRODUCT_NAME = "$(TARGET_NAME)";
				SWIFT_VERSION = 3.0;
				TEST_HOST = "$(BUILT_PRODUCTS_DIR)/Bulldog Bucks.app/Bulldog Bucks";
			};
			name = Debug;
		};
		47ED9C7E1F5A178000AE4426 /* Release */ = {
			isa = XCBuildConfiguration;
			buildSettings = {
				BUNDLE_LOADER = "$(TEST_HOST)";
				CLANG_ANALYZER_NUMBER_OBJECT_CONVERSION = YES_AGGRESSIVE;
				DEVELOPMENT_TEAM = NZ8449Y9W6;
				INFOPLIST_FILE = "Bulldog BucksMainAppTests/Info.plist";
				IPHONEOS_DEPLOYMENT_TARGET = 9.3;
				LD_RUNPATH_SEARCH_PATHS = "$(inherited) @executable_path/Frameworks @loader_path/Frameworks";
				PRODUCT_BUNDLE_IDENTIFIER = "io.rudybermudez.Bulldog-BucksMainAppTests";
				PRODUCT_NAME = "$(TARGET_NAME)";
				SWIFT_VERSION = 3.0;
				TEST_HOST = "$(BUILT_PRODUCTS_DIR)/Bulldog Bucks.app/Bulldog Bucks";
			};
			name = Release;
		};
/* End XCBuildConfiguration section */

/* Begin XCConfigurationList section */
		476E51131E74FDD5005CD02C /* Build configuration list for PBXNativeTarget "Bulldog Bucks - Watch Extension" */ = {
			isa = XCConfigurationList;
			buildConfigurations = (
				476E51111E74FDD5005CD02C /* Debug */,
				476E51121E74FDD5005CD02C /* Release */,
			);
			defaultConfigurationIsVisible = 0;
			defaultConfigurationName = Release;
		};
		476E51151E74FDD5005CD02C /* Build configuration list for PBXNativeTarget "Bulldog Bucks - Watch" */ = {
			isa = XCConfigurationList;
			buildConfigurations = (
				476E510F1E74FDD5005CD02C /* Debug */,
				476E51101E74FDD5005CD02C /* Release */,
			);
			defaultConfigurationIsVisible = 0;
			defaultConfigurationName = Release;
		};
		479447C41D99F2C1007847BE /* Build configuration list for PBXProject "Bulldog Bucks" */ = {
			isa = XCConfigurationList;
			buildConfigurations = (
				479447EF1D99F2C2007847BE /* Debug */,
				479447F01D99F2C2007847BE /* Release */,
			);
			defaultConfigurationIsVisible = 0;
			defaultConfigurationName = Release;
		};
		479447F11D99F2C2007847BE /* Build configuration list for PBXNativeTarget "Bulldog Bucks" */ = {
			isa = XCConfigurationList;
			buildConfigurations = (
				479447F21D99F2C2007847BE /* Debug */,
				479447F31D99F2C2007847BE /* Release */,
			);
			defaultConfigurationIsVisible = 0;
			defaultConfigurationName = Release;
		};
		4794480C1D9A4409007847BE /* Build configuration list for PBXNativeTarget "Bulldog Bucks - Widget" */ = {
			isa = XCConfigurationList;
			buildConfigurations = (
				4794480D1D9A4409007847BE /* Debug */,
				4794480E1D9A4409007847BE /* Release */,
			);
			defaultConfigurationIsVisible = 0;
			defaultConfigurationName = Release;
		};
		47ED9C7F1F5A178000AE4426 /* Build configuration list for PBXNativeTarget "Bulldog BucksMainAppTests" */ = {
			isa = XCConfigurationList;
			buildConfigurations = (
				47ED9C7D1F5A178000AE4426 /* Debug */,
				47ED9C7E1F5A178000AE4426 /* Release */,
			);
			defaultConfigurationIsVisible = 0;
			defaultConfigurationName = Release;
		};
/* End XCConfigurationList section */
	};
	rootObject = 479447C11D99F2C1007847BE /* Project object */;
}
